
Microsoft Visual Studio Solution File, Format Version 12.00
# Visual Studio Version 16
VisualStudioVersion = 16.0.31105.61
MinimumVisualStudioVersion = 10.0.40219.1
Project("{FAE04EC0-301F-11D3-BF4B-00C04F79EFBC}") = "DDD", "DDD\DDD.csproj", "{39012318-4B75-49BE-8A4F-96C21667BFDD}"
EndProject
Global
	GlobalSection(SolutionConfigurationPlatforms) = preSolution
		Debug|Any CPU = Debug|Any CPU
		Release|Any CPU = Release|Any CPU
	EndGlobalSection
	GlobalSection(ProjectConfigurationPlatforms) = postSolution
		{39012318-4B75-49BE-8A4F-96C21667BFDD}.Debug|Any CPU.ActiveCfg = Debug|Any CPU
		{39012318-4B75-49BE-8A4F-96C21667BFDD}.Debug|Any CPU.Build.0 = Debug|Any CPU
		{39012318-4B75-49BE-8A4F-96C21667BFDD}.Release|Any CPU.ActiveCfg = Release|Any CPU
		{39012318-4B75-49BE-8A4F-96C21667BFDD}.Release|Any CPU.Build.0 = Release|Any CPU
	EndGlobalSection
	GlobalSection(SolutionProperties) = preSolution
		HideSolutionNode = FALSE
	EndGlobalSection
	GlobalSection(ExtensibilityGlobals) = postSolution
		SolutionGuid = {75D40F0F-1107-4F0C-99D4-FBE24BCC02F9}
	EndGlobalSection
EndGlobal
